
Microsoft Visual Studio Solution File, Format Version 12.00
# Visual Studio Version 17
VisualStudioVersion = 17.2.32630.192
MinimumVisualStudioVersion = 10.0.40219.1
Project("{FAE04EC0-301F-11D3-BF4B-00C04F79EFBC}") = "Airline", "Airline\Airline.csproj", "{0AFB8762-9271-4BC1-90E0-55EB8195B5E6}"
EndProject
Global
	GlobalSection(SolutionConfigurationPlatforms) = preSolution
		Debug|Any CPU = Debug|Any CPU
		Release|Any CPU = Release|Any CPU
	EndGlobalSection
	GlobalSection(ProjectConfigurationPlatforms) = postSolution
		{0AFB8762-9271-4BC1-90E0-55EB8195B5E6}.Debug|Any CPU.ActiveCfg = Debug|Any CPU
		{0AFB8762-9271-4BC1-90E0-55EB8195B5E6}.Debug|Any CPU.Build.0 = Debug|Any CPU
		{0AFB8762-9271-4BC1-90E0-55EB8195B5E6}.Release|Any CPU.ActiveCfg = Release|Any CPU
		{0AFB8762-9271-4BC1-90E0-55EB8195B5E6}.Release|Any CPU.Build.0 = Release|Any CPU
	EndGlobalSection
	GlobalSection(SolutionProperties) = preSolution
		HideSolutionNode = FALSE
	EndGlobalSection
	GlobalSection(ExtensibilityGlobals) = postSolution
		SolutionGuid = {EA05524D-89B6-4238-BA18-41387BFEC174}
	EndGlobalSection
EndGlobal
